
Microsoft Visual Studio Solution File, Format Version 12.00
# Visual Studio Version 17
VisualStudioVersion = 17.0.31903.59
MinimumVisualStudioVersion = 10.0.40219.1
Project("{2150E333-8FDC-42A3-9474-1A3956D46DE8}") = "src", "src", "{827E0CD3-B72D-47B6-A68D-7590B98EB39B}"
EndProject
Project("{2150E333-8FDC-42A3-9474-1A3956D46DE8}") = "RedeemService", "RedeemService", "{BDF33592-A0BD-B369-7314-A985ED339FC5}"
EndProject
Project("{FAE04EC0-301F-11D3-BF4B-00C04F79EFBC}") = "RedeemService", "src\RedeemService\RedeemService\RedeemService.csproj", "{4F45A797-1909-428E-B813-2D6A02EA238D}"
EndProject
Project("{2150E333-8FDC-42A3-9474-1A3956D46DE8}") = "CampaignService", "CampaignService", "{4EC4A1AE-711D-BB17-BDA2-4E49E7DCD495}"
EndProject
Project("{FAE04EC0-301F-11D3-BF4B-00C04F79EFBC}") = "CampaignService", "src\CampaignService\CampaignService\CampaignService.csproj", "{4289F339-FFCB-446C-93CC-7DCD7DBC3165}"
EndProject
Project("{2150E333-8FDC-42A3-9474-1A3956D46DE8}") = "Shared", "Shared", "{C8E42992-5E42-0C2B-DBFE-AA848D06431C}"
EndProject
Project("{FAE04EC0-301F-11D3-BF4B-00C04F79EFBC}") = "Shared.Models", "src\Shared\Shared.Models\Shared.Models.csproj", "{65049374-5883-4630-984C-04F7FB6D216D}"
EndProject
Project("{2150E333-8FDC-42A3-9474-1A3956D46DE8}") = "CouponGenerator", "CouponGenerator", "{74BBB627-4243-A450-5B12-19DA1A7CF1C9}"
EndProject
Project("{FAE04EC0-301F-11D3-BF4B-00C04F79EFBC}") = "CouponGenerator", "src\CouponGenerator\CouponGenerator\CouponGenerator.csproj", "{D915174F-64C0-4952-A374-72F596CA787D}"
EndProject
Global
	GlobalSection(SolutionConfigurationPlatforms) = preSolution
		Debug|Any CPU = Debug|Any CPU
		Debug|x64 = Debug|x64
		Debug|x86 = Debug|x86
		Release|Any CPU = Release|Any CPU
		Release|x64 = Release|x64
		Release|x86 = Release|x86
	EndGlobalSection
	GlobalSection(ProjectConfigurationPlatforms) = postSolution
		{4F45A797-1909-428E-B813-2D6A02EA238D}.Debug|Any CPU.ActiveCfg = Debug|Any CPU
		{4F45A797-1909-428E-B813-2D6A02EA238D}.Debug|Any CPU.Build.0 = Debug|Any CPU
		{4F45A797-1909-428E-B813-2D6A02EA238D}.Debug|x64.ActiveCfg = Debug|Any CPU
		{4F45A797-1909-428E-B813-2D6A02EA238D}.Debug|x64.Build.0 = Debug|Any CPU
		{4F45A797-1909-428E-B813-2D6A02EA238D}.Debug|x86.ActiveCfg = Debug|Any CPU
		{4F45A797-1909-428E-B813-2D6A02EA238D}.Debug|x86.Build.0 = Debug|Any CPU
		{4F45A797-1909-428E-B813-2D6A02EA238D}.Release|Any CPU.ActiveCfg = Release|Any CPU
		{4F45A797-1909-428E-B813-2D6A02EA238D}.Release|Any CPU.Build.0 = Release|Any CPU
		{4F45A797-1909-428E-B813-2D6A02EA238D}.Release|x64.ActiveCfg = Release|Any CPU
		{4F45A797-1909-428E-B813-2D6A02EA238D}.Release|x64.Build.0 = Release|Any CPU
		{4F45A797-1909-428E-B813-2D6A02EA238D}.Release|x86.ActiveCfg = Release|Any CPU
		{4F45A797-1909-428E-B813-2D6A02EA238D}.Release|x86.Build.0 = Release|Any CPU
		{4289F339-FFCB-446C-93CC-7DCD7DBC3165}.Debug|Any CPU.ActiveCfg = Debug|Any CPU
		{4289F339-FFCB-446C-93CC-7DCD7DBC3165}.Debug|Any CPU.Build.0 = Debug|Any CPU
		{4289F339-FFCB-446C-93CC-7DCD7DBC3165}.Debug|x64.ActiveCfg = Debug|Any CPU
		{4289F339-FFCB-446C-93CC-7DCD7DBC3165}.Debug|x64.Build.0 = Debug|Any CPU
		{4289F339-FFCB-446C-93CC-7DCD7DBC3165}.Debug|x86.ActiveCfg = Debug|Any CPU
		{4289F339-FFCB-446C-93CC-7DCD7DBC3165}.Debug|x86.Build.0 = Debug|Any CPU
		{4289F339-FFCB-446C-93CC-7DCD7DBC3165}.Release|Any CPU.ActiveCfg = Release|Any CPU
		{4289F339-FFCB-446C-93CC-7DCD7DBC3165}.Release|Any CPU.Build.0 = Release|Any CPU
		{4289F339-FFCB-446C-93CC-7DCD7DBC3165}.Release|x64.ActiveCfg = Release|Any CPU
		{4289F339-FFCB-446C-93CC-7DCD7DBC3165}.Release|x64.Build.0 = Release|Any CPU
		{4289F339-FFCB-446C-93CC-7DCD7DBC3165}.Release|x86.ActiveCfg = Release|Any CPU
		{4289F339-FFCB-446C-93CC-7DCD7DBC3165}.Release|x86.Build.0 = Release|Any CPU
		{65049374-5883-4630-984C-04F7FB6D216D}.Debug|Any CPU.ActiveCfg = Debug|Any CPU
		{65049374-5883-4630-984C-04F7FB6D216D}.Debug|Any CPU.Build.0 = Debug|Any CPU
		{65049374-5883-4630-984C-04F7FB6D216D}.Debug|x64.ActiveCfg = Debug|Any CPU
		{65049374-5883-4630-984C-04F7FB6D216D}.Debug|x64.Build.0 = Debug|Any CPU
		{65049374-5883-4630-984C-04F7FB6D216D}.Debug|x86.ActiveCfg = Debug|Any CPU
		{65049374-5883-4630-984C-04F7FB6D216D}.Debug|x86.Build.0 = Debug|Any CPU
		{65049374-5883-4630-984C-04F7FB6D216D}.Release|Any CPU.ActiveCfg = Release|Any CPU
		{65049374-5883-4630-984C-04F7FB6D216D}.Release|Any CPU.Build.0 = Release|Any CPU
		{65049374-5883-4630-984C-04F7FB6D216D}.Release|x64.ActiveCfg = Release|Any CPU
		{65049374-5883-4630-984C-04F7FB6D216D}.Release|x64.Build.0 = Release|Any CPU
		{65049374-5883-4630-984C-04F7FB6D216D}.Release|x86.ActiveCfg = Release|Any CPU
		{65049374-5883-4630-984C-04F7FB6D216D}.Release|x86.Build.0 = Release|Any CPU
		{D915174F-64C0-4952-A374-72F596CA787D}.Debug|Any CPU.ActiveCfg = Debug|Any CPU
		{D915174F-64C0-4952-A374-72F596CA787D}.Debug|Any CPU.Build.0 = Debug|Any CPU
		{D915174F-64C0-4952-A374-72F596CA787D}.Debug|x64.ActiveCfg = Debug|Any CPU
		{D915174F-64C0-4952-A374-72F596CA787D}.Debug|x64.Build.0 = Debug|Any CPU
		{D915174F-64C0-4952-A374-72F596CA787D}.Debug|x86.ActiveCfg = Debug|Any CPU
		{D915174F-64C0-4952-A374-72F596CA787D}.Debug|x86.Build.0 = Debug|Any CPU
		{D915174F-64C0-4952-A374-72F596CA787D}.Release|Any CPU.ActiveCfg = Release|Any CPU
		{D915174F-64C0-4952-A374-72F596CA787D}.Release|Any CPU.Build.0 = Release|Any CPU
		{D915174F-64C0-4952-A374-72F596CA787D}.Release|x64.ActiveCfg = Release|Any CPU
		{D915174F-64C0-4952-A374-72F596CA787D}.Release|x64.Build.0 = Release|Any CPU
		{D915174F-64C0-4952-A374-72F596CA787D}.Release|x86.ActiveCfg = Release|Any CPU
		{D915174F-64C0-4952-A374-72F596CA787D}.Release|x86.Build.0 = Release|Any CPU
	EndGlobalSection
	GlobalSection(SolutionProperties) = preSolution
		HideSolutionNode = FALSE
	EndGlobalSection
	GlobalSection(NestedProjects) = preSolution
		{BDF33592-A0BD-B369-7314-A985ED339FC5} = {827E0CD3-B72D-47B6-A68D-7590B98EB39B}
		{4F45A797-1909-428E-B813-2D6A02EA238D} = {BDF33592-A0BD-B369-7314-A985ED339FC5}
		{4EC4A1AE-711D-BB17-BDA2-4E49E7DCD495} = {827E0CD3-B72D-47B6-A68D-7590B98EB39B}
		{4289F339-FFCB-446C-93CC-7DCD7DBC3165} = {4EC4A1AE-711D-BB17-BDA2-4E49E7DCD495}
		{C8E42992-5E42-0C2B-DBFE-AA848D06431C} = {827E0CD3-B72D-47B6-A68D-7590B98EB39B}
		{65049374-5883-4630-984C-04F7FB6D216D} = {C8E42992-5E42-0C2B-DBFE-AA848D06431C}
		{74BBB627-4243-A450-5B12-19DA1A7CF1C9} = {827E0CD3-B72D-47B6-A68D-7590B98EB39B}
		{D915174F-64C0-4952-A374-72F596CA787D} = {74BBB627-4243-A450-5B12-19DA1A7CF1C9}
	EndGlobalSection
EndGlobal
